// !$*UTF8*$!
{
	archiveVersion = 1;
	classes = {
	};
	objectVersion = 56;
	objects = {

/* Begin PBXBuildFile section */
		82206E37296864CA00F6CCEF /* AppDelegate.swift in Sources */ = {isa = PBXBuildFile; fileRef = 82206E36296864CA00F6CCEF /* AppDelegate.swift */; };
		82206E39296864CA00F6CCEF /* SceneDelegate.swift in Sources */ = {isa = PBXBuildFile; fileRef = 82206E38296864CA00F6CCEF /* SceneDelegate.swift */; };
		82206E3B296864CA00F6CCEF /* ViewController.swift in Sources */ = {isa = PBXBuildFile; fileRef = 82206E3A296864CA00F6CCEF /* ViewController.swift */; };
		82206E3E296864CA00F6CCEF /* Main.storyboard in Resources */ = {isa = PBXBuildFile; fileRef = 82206E3C296864CA00F6CCEF /* Main.storyboard */; };
		82206E40296864CB00F6CCEF /* Assets.xcassets in Resources */ = {isa = PBXBuildFile; fileRef = 82206E3F296864CB00F6CCEF /* Assets.xcassets */; };
		82206E43296864CB00F6CCEF /* LaunchScreen.storyboard in Resources */ = {isa = PBXBuildFile; fileRef = 82206E41296864CB00F6CCEF /* LaunchScreen.storyboard */; };
		82206E4C2968653800F6CCEF /* HTTPMethod.swift in Sources */ = {isa = PBXBuildFile; fileRef = 82206E4B2968653800F6CCEF /* HTTPMethod.swift */; };
		82206E502968666800F6CCEF /* HTTPClient.swift in Sources */ = {isa = PBXBuildFile; fileRef = 82206E4F2968666800F6CCEF /* HTTPClient.swift */; };
		82206E7E29688FC400F6CCEF /* HTTPError.swift in Sources */ = {isa = PBXBuildFile; fileRef = 82206E7D29688FC400F6CCEF /* HTTPError.swift */; };
		82206E80296B390C00F6CCEF /* Routes.swift in Sources */ = {isa = PBXBuildFile; fileRef = 82206E7F296B390C00F6CCEF /* Routes.swift */; };
		82206E85296B3F5F00F6CCEF /* APIConfig.swift in Sources */ = {isa = PBXBuildFile; fileRef = 82206E84296B3F5F00F6CCEF /* APIConfig.swift */; };
		82206E87296B3FA600F6CCEF /* API.swift in Sources */ = {isa = PBXBuildFile; fileRef = 82206E86296B3FA600F6CCEF /* API.swift */; };
		82206E8A296B6E8B00F6CCEF /* Post.swift in Sources */ = {isa = PBXBuildFile; fileRef = 82206E89296B6E8B00F6CCEF /* Post.swift */; };
/* End PBXBuildFile section */

/* Begin PBXFileReference section */
		82206E33296864CA00F6CCEF /* NetworkLayer.app */ = {isa = PBXFileReference; explicitFileType = wrapper.application; includeInIndex = 0; path = NetworkLayer.app; sourceTree = BUILT_PRODUCTS_DIR; };
		82206E36296864CA00F6CCEF /* AppDelegate.swift */ = {isa = PBXFileReference; lastKnownFileType = sourcecode.swift; path = AppDelegate.swift; sourceTree = "<group>"; };
		82206E38296864CA00F6CCEF /* SceneDelegate.swift */ = {isa = PBXFileReference; lastKnownFileType = sourcecode.swift; path = SceneDelegate.swift; sourceTree = "<group>"; };
		82206E3A296864CA00F6CCEF /* ViewController.swift */ = {isa = PBXFileReference; lastKnownFileType = sourcecode.swift; path = ViewController.swift; sourceTree = "<group>"; };
		82206E3D296864CA00F6CCEF /* Base */ = {isa = PBXFileReference; lastKnownFileType = file.storyboard; name = Base; path = Base.lproj/Main.storyboard; sourceTree = "<group>"; };
		82206E3F296864CB00F6CCEF /* Assets.xcassets */ = {isa = PBXFileReference; lastKnownFileType = folder.assetcatalog; path = Assets.xcassets; sourceTree = "<group>"; };
		82206E42296864CB00F6CCEF /* Base */ = {isa = PBXFileReference; lastKnownFileType = file.storyboard; name = Base; path = Base.lproj/LaunchScreen.storyboard; sourceTree = "<group>"; };
		82206E44296864CB00F6CCEF /* Info.plist */ = {isa = PBXFileReference; lastKnownFileType = text.plist.xml; path = Info.plist; sourceTree = "<group>"; };
		82206E4B2968653800F6CCEF /* HTTPMethod.swift */ = {isa = PBXFileReference; lastKnownFileType = sourcecode.swift; path = HTTPMethod.swift; sourceTree = "<group>"; };
		82206E4F2968666800F6CCEF /* HTTPClient.swift */ = {isa = PBXFileReference; lastKnownFileType = sourcecode.swift; path = HTTPClient.swift; sourceTree = "<group>"; };
		82206E7D29688FC400F6CCEF /* HTTPError.swift */ = {isa = PBXFileReference; lastKnownFileType = sourcecode.swift; path = HTTPError.swift; sourceTree = "<group>"; };
		82206E7F296B390C00F6CCEF /* Routes.swift */ = {isa = PBXFileReference; lastKnownFileType = sourcecode.swift; path = Routes.swift; sourceTree = "<group>"; };
		82206E84296B3F5F00F6CCEF /* APIConfig.swift */ = {isa = PBXFileReference; lastKnownFileType = sourcecode.swift; path = APIConfig.swift; sourceTree = "<group>"; };
		82206E86296B3FA600F6CCEF /* API.swift */ = {isa = PBXFileReference; lastKnownFileType = sourcecode.swift; path = API.swift; sourceTree = "<group>"; };
		82206E89296B6E8B00F6CCEF /* Post.swift */ = {isa = PBXFileReference; lastKnownFileType = sourcecode.swift; path = Post.swift; sourceTree = "<group>"; };
/* End PBXFileReference section */

/* Begin PBXFrameworksBuildPhase section */
		82206E30296864CA00F6CCEF /* Frameworks */ = {
			isa = PBXFrameworksBuildPhase;
			buildActionMask = 2147483647;
			files = (
			);
			runOnlyForDeploymentPostprocessing = 0;
		};
/* End PBXFrameworksBuildPhase section */

/* Begin PBXGroup section */
		82206E2A296864CA00F6CCEF = {
			isa = PBXGroup;
			children = (
				82206E35296864CA00F6CCEF /* NetworkLayer */,
				82206E34296864CA00F6CCEF /* Products */,
			);
			sourceTree = "<group>";
		};
		82206E34296864CA00F6CCEF /* Products */ = {
			isa = PBXGroup;
			children = (
				82206E33296864CA00F6CCEF /* NetworkLayer.app */,
			);
			name = Products;
			sourceTree = "<group>";
		};
		82206E35296864CA00F6CCEF /* NetworkLayer */ = {
			isa = PBXGroup;
			children = (
				82206E4A296864E600F6CCEF /* Data */,
				82206E36296864CA00F6CCEF /* AppDelegate.swift */,
				82206E38296864CA00F6CCEF /* SceneDelegate.swift */,
				82206E3A296864CA00F6CCEF /* ViewController.swift */,
				82206E89296B6E8B00F6CCEF /* Post.swift */,
				82206E3C296864CA00F6CCEF /* Main.storyboard */,
				82206E3F296864CB00F6CCEF /* Assets.xcassets */,
				82206E41296864CB00F6CCEF /* LaunchScreen.storyboard */,
				82206E44296864CB00F6CCEF /* Info.plist */,
			);
			path = NetworkLayer;
			sourceTree = "<group>";
		};
		82206E4A296864E600F6CCEF /* Data */ = {
			isa = PBXGroup;
			children = (
				82206E4B2968653800F6CCEF /* HTTPMethod.swift */,
				82206E7F296B390C00F6CCEF /* Routes.swift */,
				82206E4F2968666800F6CCEF /* HTTPClient.swift */,
				82206E7D29688FC400F6CCEF /* HTTPError.swift */,
				82206E84296B3F5F00F6CCEF /* APIConfig.swift */,
				82206E86296B3FA600F6CCEF /* API.swift */,
			);
			path = Data;
			sourceTree = "<group>";
		};
/* End PBXGroup section */

/* Begin PBXNativeTarget section */
		82206E32296864CA00F6CCEF /* NetworkLayer */ = {
			isa = PBXNativeTarget;
			buildConfigurationList = 82206E47296864CB00F6CCEF /* Build configuration list for PBXNativeTarget "NetworkLayer" */;
			buildPhases = (
				82206E2F296864CA00F6CCEF /* Sources */,
				82206E30296864CA00F6CCEF /* Frameworks */,
				82206E31296864CA00F6CCEF /* Resources */,
			);
			buildRules = (
			);
			dependencies = (
			);
			name = NetworkLayer;
			productName = NetworkLayer;
			productReference = 82206E33296864CA00F6CCEF /* NetworkLayer.app */;
			productType = "com.apple.product-type.application";
		};
/* End PBXNativeTarget section */

/* Begin PBXProject section */
		82206E2B296864CA00F6CCEF /* Project object */ = {
			isa = PBXProject;
			attributes = {
				BuildIndependentTargetsInParallel = 1;
				LastSwiftUpdateCheck = 1420;
				LastUpgradeCheck = 1420;
				TargetAttributes = {
					82206E32296864CA00F6CCEF = {
						CreatedOnToolsVersion = 14.2;
					};
				};
			};
			buildConfigurationList = 82206E2E296864CA00F6CCEF /* Build configuration list for PBXProject "NetworkLayer" */;
			compatibilityVersion = "Xcode 14.0";
			developmentRegion = en;
			hasScannedForEncodings = 0;
			knownRegions = (
				en,
				Base,
			);
			mainGroup = 82206E2A296864CA00F6CCEF;
			productRefGroup = 82206E34296864CA00F6CCEF /* Products */;
			projectDirPath = "";
			projectRoot = "";
			targets = (
				82206E32296864CA00F6CCEF /* NetworkLayer */,
			);
		};
/* End PBXProject section */

/* Begin PBXResourcesBuildPhase section */
		82206E31296864CA00F6CCEF /* Resources */ = {
			isa = PBXResourcesBuildPhase;
			buildActionMask = 2147483647;
			files = (
				82206E43296864CB00F6CCEF /* LaunchScreen.storyboard in Resources */,
				82206E40296864CB00F6CCEF /* Assets.xcassets in Resources */,
				82206E3E296864CA00F6CCEF /* Main.storyboard in Resources */,
			);
			runOnlyForDeploymentPostprocessing = 0;
		};
/* End PBXResourcesBuildPhase section */

/* Begin PBXSourcesBuildPhase section */
		82206E2F296864CA00F6CCEF /* Sources */ = {
			isa = PBXSourcesBuildPhase;
			buildActionMask = 2147483647;
			files = (
				82206E4C2968653800F6CCEF /* HTTPMethod.swift in Sources */,
				82206E8A296B6E8B00F6CCEF /* Post.swift in Sources */,
				82206E3B296864CA00F6CCEF /* ViewController.swift in Sources */,
				82206E502968666800F6CCEF /* HTTPClient.swift in Sources */,
				82206E80296B390C00F6CCEF /* Routes.swift in Sources */,
				82206E87296B3FA600F6CCEF /* API.swift in Sources */,
				82206E37296864CA00F6CCEF /* AppDelegate.swift in Sources */,
				82206E85296B3F5F00F6CCEF /* APIConfig.swift in Sources */,
				82206E7E29688FC400F6CCEF /* HTTPError.swift in Sources */,
				82206E39296864CA00F6CCEF /* SceneDelegate.swift in Sources */,
			);
			runOnlyForDeploymentPostprocessing = 0;
		};
/* End PBXSourcesBuildPhase section */

/* Begin PBXVariantGroup section */
		82206E3C296864CA00F6CCEF /* Main.storyboard */ = {
			isa = PBXVariantGroup;
			children = (
				82206E3D296864CA00F6CCEF /* Base */,
			);
			name = Main.storyboard;
			sourceTree = "<group>";
		};
		82206E41296864CB00F6CCEF /* LaunchScreen.storyboard */ = {
			isa = PBXVariantGroup;
			children = (
				82206E42296864CB00F6CCEF /* Base */,
			);
			name = LaunchScreen.storyboard;
			sourceTree = "<group>";
		};
/* End PBXVariantGroup section */

/* Begin XCBuildConfiguration section */
		82206E45296864CB00F6CCEF /* Debug */ = {
			isa = XCBuildConfiguration;
			buildSettings = {
				ALWAYS_SEARCH_USER_PATHS = NO;
				CLANG_ANALYZER_NONNULL = YES;
				CLANG_ANALYZER_NUMBER_OBJECT_CONVERSION = YES_AGGRESSIVE;
				CLANG_CXX_LANGUAGE_STANDARD = "gnu++20";
				CLANG_ENABLE_MODULES = YES;
				CLANG_ENABLE_OBJC_ARC = YES;
				CLANG_ENABLE_OBJC_WEAK = YES;
				CLANG_WARN_BLOCK_CAPTURE_AUTORELEASING = YES;
				CLANG_WARN_BOOL_CONVERSION = YES;
				CLANG_WARN_COMMA = YES;
				CLANG_WARN_CONSTANT_CONVERSION = YES;
				CLANG_WARN_DEPRECATED_OBJC_IMPLEMENTATIONS = YES;
				CLANG_WARN_DIRECT_OBJC_ISA_USAGE = YES_ERROR;
				CLANG_WARN_DOCUMENTATION_COMMENTS = YES;
				CLANG_WARN_EMPTY_BODY = YES;
				CLANG_WARN_ENUM_CONVERSION = YES;
				CLANG_WARN_INFINITE_RECURSION = YES;
				CLANG_WARN_INT_CONVERSION = YES;
				CLANG_WARN_NON_LITERAL_NULL_CONVERSION = YES;
				CLANG_WARN_OBJC_IMPLICIT_RETAIN_SELF = YES;
				CLANG_WARN_OBJC_LITERAL_CONVERSION = YES;
				CLANG_WARN_OBJC_ROOT_CLASS = YES_ERROR;
				CLANG_WARN_QUOTED_INCLUDE_IN_FRAMEWORK_HEADER = YES;
				CLANG_WARN_RANGE_LOOP_ANALYSIS = YES;
				CLANG_WARN_STRICT_PROTOTYPES = YES;
				CLANG_WARN_SUSPICIOUS_MOVE = YES;
				CLANG_WARN_UNGUARDED_AVAILABILITY = YES_AGGRESSIVE;
				CLANG_WARN_UNREACHABLE_CODE = YES;
				CLANG_WARN__DUPLICATE_METHOD_MATCH = YES;
				COPY_PHASE_STRIP = NO;
				DEBUG_INFORMATION_FORMAT = dwarf;
				ENABLE_STRICT_OBJC_MSGSEND = YES;
				ENABLE_TESTABILITY = YES;
				GCC_C_LANGUAGE_STANDARD = gnu11;
				GCC_DYNAMIC_NO_PIC = NO;
				GCC_NO_COMMON_BLOCKS = YES;
				GCC_OPTIMIZATION_LEVEL = 0;
				GCC_PREPROCESSOR_DEFINITIONS = (
					"DEBUG=1",
					"$(inherited)",
				);
				GCC_WARN_64_TO_32_BIT_CONVERSION = YES;
				GCC_WARN_ABOUT_RETURN_TYPE = YES_ERROR;
				GCC_WARN_UNDECLARED_SELECTOR = YES;
				GCC_WARN_UNINITIALIZED_AUTOS = YES_AGGRESSIVE;
				GCC_WARN_UNUSED_FUNCTION = YES;
				GCC_WARN_UNUSED_VARIABLE = YES;
				IPHONEOS_DEPLOYMENT_TARGET = 16.2;
				MTL_ENABLE_DEBUG_INFO = INCLUDE_SOURCE;
				MTL_FAST_MATH = YES;
				ONLY_ACTIVE_ARCH = YES;
				SDKROOT = iphoneos;
				SWIFT_ACTIVE_COMPILATION_CONDITIONS = DEBUG;
				SWIFT_OPTIMIZATION_LEVEL = "-Onone";
			};
			name = Debug;
		};
		82206E46296864CB00F6CCEF /* Release */ = {
			isa = XCBuildConfiguration;
			buildSettings = {
				ALWAYS_SEARCH_USER_PATHS = NO;
				CLANG_ANALYZER_NONNULL = YES;
				CLANG_ANALYZER_NUMBER_OBJECT_CONVERSION = YES_AGGRESSIVE;
				CLANG_CXX_LANGUAGE_STANDARD = "gnu++20";
				CLANG_ENABLE_MODULES = YES;
				CLANG_ENABLE_OBJC_ARC = YES;
				CLANG_ENABLE_OBJC_WEAK = YES;
				CLANG_WARN_BLOCK_CAPTURE_AUTORELEASING = YES;
				CLANG_WARN_BOOL_CONVERSION = YES;
				CLANG_WARN_COMMA = YES;
				CLANG_WARN_CONSTANT_CONVERSION = YES;
				CLANG_WARN_DEPRECATED_OBJC_IMPLEMENTATIONS = YES;
				CLANG_WARN_DIRECT_OBJC_ISA_USAGE = YES_ERROR;
				CLANG_WARN_DOCUMENTATION_COMMENTS = YES;
				CLANG_WARN_EMPTY_BODY = YES;
				CLANG_WARN_ENUM_CONVERSION = YES;
				CLANG_WARN_INFINITE_RECURSION = YES;
				CLANG_WARN_INT_CONVERSION = YES;
				CLANG_WARN_NON_LITERAL_NULL_CONVERSION = YES;
				CLANG_WARN_OBJC_IMPLICIT_RETAIN_SELF = YES;
				CLANG_WARN_OBJC_LITERAL_CONVERSION = YES;
				CLANG_WARN_OBJC_ROOT_CLASS = YES_ERROR;
				CLANG_WARN_QUOTED_INCLUDE_IN_FRAMEWORK_HEADER = YES;
				CLANG_WARN_RANGE_LOOP_ANALYSIS = YES;
				CLANG_WARN_STRICT_PROTOTYPES = YES;
				CLANG_WARN_SUSPICIOUS_MOVE = YES;
				CLANG_WARN_UNGUARDED_AVAILABILITY = YES_AGGRESSIVE;
				CLANG_WARN_UNREACHABLE_CODE = YES;
				CLANG_WARN__DUPLICATE_METHOD_MATCH = YES;
				COPY_PHASE_STRIP = NO;
				DEBUG_INFORMATION_FORMAT = "dwarf-with-dsym";
				ENABLE_NS_ASSERTIONS = NO;
				ENABLE_STRICT_OBJC_MSGSEND = YES;
				GCC_C_LANGUAGE_STANDARD = gnu11;
				GCC_NO_COMMON_BLOCKS = YES;
				GCC_WARN_64_TO_32_BIT_CONVERSION = YES;
				GCC_WARN_ABOUT_RETURN_TYPE = YES_ERROR;
				GCC_WARN_UNDECLARED_SELECTOR = YES;
				GCC_WARN_UNINITIALIZED_AUTOS = YES_AGGRESSIVE;
				GCC_WARN_UNUSED_FUNCTION = YES;
				GCC_WARN_UNUSED_VARIABLE = YES;
				IPHONEOS_DEPLOYMENT_TARGET = 16.2;
				MTL_ENABLE_DEBUG_INFO = NO;
				MTL_FAST_MATH = YES;
				SDKROOT = iphoneos;
				SWIFT_COMPILATION_MODE = wholemodule;
				SWIFT_OPTIMIZATION_LEVEL = "-O";
				VALIDATE_PRODUCT = YES;
			};
			name = Release;
		};
		82206E48296864CB00F6CCEF /* Debug */ = {
			isa = XCBuildConfiguration;
			buildSettings = {
				ASSETCATALOG_COMPILER_APPICON_NAME = AppIcon;
				ASSETCATALOG_COMPILER_GLOBAL_ACCENT_COLOR_NAME = AccentColor;
				CODE_SIGN_STYLE = Automatic;
				CURRENT_PROJECT_VERSION = 1;
				DEVELOPMENT_TEAM = DT5G7UBKH4;
				GENERATE_INFOPLIST_FILE = YES;
				INFOPLIST_FILE = NetworkLayer/Info.plist;
				INFOPLIST_KEY_UIApplicationSupportsIndirectInputEvents = YES;
				INFOPLIST_KEY_UILaunchStoryboardName = LaunchScreen;
				INFOPLIST_KEY_UIMainStoryboardFile = Main;
				INFOPLIST_KEY_UISupportedInterfaceOrientations_iPad = "UIInterfaceOrientationPortrait UIInterfaceOrientationPortraitUpsideDown UIInterfaceOrientationLandscapeLeft UIInterfaceOrientationLandscapeRight";
				INFOPLIST_KEY_UISupportedInterfaceOrientations_iPhone = "UIInterfaceOrientationPortrait UIInterfaceOrientationLandscapeLeft UIInterfaceOrientationLandscapeRight";
				LD_RUNPATH_SEARCH_PATHS = (
					"$(inherited)",
					"@executable_path/Frameworks",
				);
				MARKETING_VERSION = 1.0;
				PRODUCT_BUNDLE_IDENTIFIER = com.sweettutos.NetworkLayer;
				PRODUCT_NAME = "$(TARGET_NAME)";
				SWIFT_EMIT_LOC_STRINGS = YES;
				SWIFT_VERSION = 5.0;
				TARGETED_DEVICE_FAMILY = "1,2";
			};
			name = Debug;
		};
		82206E49296864CB00F6CCEF /* Release */ = {
			isa = XCBuildConfiguration;
			buildSettings = {
				ASSETCATALOG_COMPILER_APPICON_NAME = AppIcon;
				ASSETCATALOG_COMPILER_GLOBAL_ACCENT_COLOR_NAME = AccentColor;
				CODE_SIGN_STYLE = Automatic;
				CURRENT_PROJECT_VERSION = 1;
				DEVELOPMENT_TEAM = DT5G7UBKH4;
				GENERATE_INFOPLIST_FILE = YES;
				INFOPLIST_FILE = NetworkLayer/Info.plist;
				INFOPLIST_KEY_UIApplicationSupportsIndirectInputEvents = YES;
				INFOPLIST_KEY_UILaunchStoryboardName = LaunchScreen;
				INFOPLIST_KEY_UIMainStoryboardFile = Main;
				INFOPLIST_KEY_UISupportedInterfaceOrientations_iPad = "UIInterfaceOrientationPortrait UIInterfaceOrientationPortraitUpsideDown UIInterfaceOrientationLandscapeLeft UIInterfaceOrientationLandscapeRight";
				INFOPLIST_KEY_UISupportedInterfaceOrientations_iPhone = "UIInterfaceOrientationPortrait UIInterfaceOrientationLandscapeLeft UIInterfaceOrientationLandscapeRight";
				LD_RUNPATH_SEARCH_PATHS = (
					"$(inherited)",
					"@executable_path/Frameworks",
				);
				MARKETING_VERSION = 1.0;
				PRODUCT_BUNDLE_IDENTIFIER = com.sweettutos.NetworkLayer;
				PRODUCT_NAME = "$(TARGET_NAME)";
				SWIFT_EMIT_LOC_STRINGS = YES;
				SWIFT_VERSION = 5.0;
				TARGETED_DEVICE_FAMILY = "1,2";
			};
			name = Release;
		};
/* End XCBuildConfiguration section */

/* Begin XCConfigurationList section */
		82206E2E296864CA00F6CCEF /* Build configuration list for PBXProject "NetworkLayer" */ = {
			isa = XCConfigurationList;
			buildConfigurations = (
				82206E45296864CB00F6CCEF /* Debug */,
				82206E46296864CB00F6CCEF /* Release */,
			);
			defaultConfigurationIsVisible = 0;
			defaultConfigurationName = Release;
		};
		82206E47296864CB00F6CCEF /* Build configuration list for PBXNativeTarget "NetworkLayer" */ = {
			isa = XCConfigurationList;
			buildConfigurations = (
				82206E48296864CB00F6CCEF /* Debug */,
				82206E49296864CB00F6CCEF /* Release */,
			);
			defaultConfigurationIsVisible = 0;
			defaultConfigurationName = Release;
		};
/* End XCConfigurationList section */
	};
	rootObject = 82206E2B296864CA00F6CCEF /* Project object */;
}
