// !$*UTF8*$!
{
	archiveVersion = 1;
	classes = {
	};
	objectVersion = 56;
	objects = {

/* Begin PBXBuildFile section */
		820E6331296090D00057B4D0 /* AppDelegate.swift in Sources */ = {isa = PBXBuildFile; fileRef = 820E6330296090D00057B4D0 /* AppDelegate.swift */; };
		820E6333296090D00057B4D0 /* SceneDelegate.swift in Sources */ = {isa = PBXBuildFile; fileRef = 820E6332296090D00057B4D0 /* SceneDelegate.swift */; };
		820E6335296090D00057B4D0 /* ViewController.swift in Sources */ = {isa = PBXBuildFile; fileRef = 820E6334296090D00057B4D0 /* ViewController.swift */; };
		820E6338296090D00057B4D0 /* Main.storyboard in Resources */ = {isa = PBXBuildFile; fileRef = 820E6336296090D00057B4D0 /* Main.storyboard */; };
		820E633A296090D20057B4D0 /* Assets.xcassets in Resources */ = {isa = PBXBuildFile; fileRef = 820E6339296090D20057B4D0 /* Assets.xcassets */; };
		820E633D296090D20057B4D0 /* LaunchScreen.storyboard in Resources */ = {isa = PBXBuildFile; fileRef = 820E633B296090D20057B4D0 /* LaunchScreen.storyboard */; };
		820E6348296090D20057B4D0 /* SampleAppTests.swift in Sources */ = {isa = PBXBuildFile; fileRef = 820E6347296090D20057B4D0 /* SampleAppTests.swift */; };
		820E6352296090D20057B4D0 /* SampleAppUITests.swift in Sources */ = {isa = PBXBuildFile; fileRef = 820E6351296090D20057B4D0 /* SampleAppUITests.swift */; };
		820E6354296090D20057B4D0 /* SampleAppUITestsLaunchTests.swift in Sources */ = {isa = PBXBuildFile; fileRef = 820E6353296090D20057B4D0 /* SampleAppUITestsLaunchTests.swift */; };
		820E63622960956E0057B4D0 /* RedTableViewCell.swift in Sources */ = {isa = PBXBuildFile; fileRef = 820E63612960956E0057B4D0 /* RedTableViewCell.swift */; };
		820E6364296095780057B4D0 /* GreenTableViewCell.swift in Sources */ = {isa = PBXBuildFile; fileRef = 820E6363296095780057B4D0 /* GreenTableViewCell.swift */; };
		820E6366296095810057B4D0 /* BlueTableViewCell.swift in Sources */ = {isa = PBXBuildFile; fileRef = 820E6365296095810057B4D0 /* BlueTableViewCell.swift */; };
		820E636929609E3C0057B4D0 /* UITableView+Extensions.swift in Sources */ = {isa = PBXBuildFile; fileRef = 820E636829609E3C0057B4D0 /* UITableView+Extensions.swift */; };
/* End PBXBuildFile section */

/* Begin PBXContainerItemProxy section */
		820E6344296090D20057B4D0 /* PBXContainerItemProxy */ = {
			isa = PBXContainerItemProxy;
			containerPortal = 820E6325296090D00057B4D0 /* Project object */;
			proxyType = 1;
			remoteGlobalIDString = 820E632C296090D00057B4D0;
			remoteInfo = SampleApp;
		};
		820E634E296090D20057B4D0 /* PBXContainerItemProxy */ = {
			isa = PBXContainerItemProxy;
			containerPortal = 820E6325296090D00057B4D0 /* Project object */;
			proxyType = 1;
			remoteGlobalIDString = 820E632C296090D00057B4D0;
			remoteInfo = SampleApp;
		};
/* End PBXContainerItemProxy section */

/* Begin PBXFileReference section */
		820E632D296090D00057B4D0 /* SampleApp.app */ = {isa = PBXFileReference; explicitFileType = wrapper.application; includeInIndex = 0; path = SampleApp.app; sourceTree = BUILT_PRODUCTS_DIR; };
		820E6330296090D00057B4D0 /* AppDelegate.swift */ = {isa = PBXFileReference; lastKnownFileType = sourcecode.swift; path = AppDelegate.swift; sourceTree = "<group>"; };
		820E6332296090D00057B4D0 /* SceneDelegate.swift */ = {isa = PBXFileReference; lastKnownFileType = sourcecode.swift; path = SceneDelegate.swift; sourceTree = "<group>"; };
		820E6334296090D00057B4D0 /* ViewController.swift */ = {isa = PBXFileReference; lastKnownFileType = sourcecode.swift; path = ViewController.swift; sourceTree = "<group>"; };
		820E6337296090D00057B4D0 /* Base */ = {isa = PBXFileReference; lastKnownFileType = file.storyboard; name = Base; path = Base.lproj/Main.storyboard; sourceTree = "<group>"; };
		820E6339296090D20057B4D0 /* Assets.xcassets */ = {isa = PBXFileReference; lastKnownFileType = folder.assetcatalog; path = Assets.xcassets; sourceTree = "<group>"; };
		820E633C296090D20057B4D0 /* Base */ = {isa = PBXFileReference; lastKnownFileType = file.storyboard; name = Base; path = Base.lproj/LaunchScreen.storyboard; sourceTree = "<group>"; };
		820E633E296090D20057B4D0 /* Info.plist */ = {isa = PBXFileReference; lastKnownFileType = text.plist.xml; path = Info.plist; sourceTree = "<group>"; };
		820E6343296090D20057B4D0 /* SampleAppTests.xctest */ = {isa = PBXFileReference; explicitFileType = wrapper.cfbundle; includeInIndex = 0; path = SampleAppTests.xctest; sourceTree = BUILT_PRODUCTS_DIR; };
		820E6347296090D20057B4D0 /* SampleAppTests.swift */ = {isa = PBXFileReference; lastKnownFileType = sourcecode.swift; path = SampleAppTests.swift; sourceTree = "<group>"; };
		820E634D296090D20057B4D0 /* SampleAppUITests.xctest */ = {isa = PBXFileReference; explicitFileType = wrapper.cfbundle; includeInIndex = 0; path = SampleAppUITests.xctest; sourceTree = BUILT_PRODUCTS_DIR; };
		820E6351296090D20057B4D0 /* SampleAppUITests.swift */ = {isa = PBXFileReference; lastKnownFileType = sourcecode.swift; path = SampleAppUITests.swift; sourceTree = "<group>"; };
		820E6353296090D20057B4D0 /* SampleAppUITestsLaunchTests.swift */ = {isa = PBXFileReference; lastKnownFileType = sourcecode.swift; path = SampleAppUITestsLaunchTests.swift; sourceTree = "<group>"; };
		820E63612960956E0057B4D0 /* RedTableViewCell.swift */ = {isa = PBXFileReference; lastKnownFileType = sourcecode.swift; path = RedTableViewCell.swift; sourceTree = "<group>"; };
		820E6363296095780057B4D0 /* GreenTableViewCell.swift */ = {isa = PBXFileReference; lastKnownFileType = sourcecode.swift; path = GreenTableViewCell.swift; sourceTree = "<group>"; };
		820E6365296095810057B4D0 /* BlueTableViewCell.swift */ = {isa = PBXFileReference; lastKnownFileType = sourcecode.swift; path = BlueTableViewCell.swift; sourceTree = "<group>"; };
		820E636829609E3C0057B4D0 /* UITableView+Extensions.swift */ = {isa = PBXFileReference; lastKnownFileType = sourcecode.swift; path = "UITableView+Extensions.swift"; sourceTree = "<group>"; };
/* End PBXFileReference section */

/* Begin PBXFrameworksBuildPhase section */
		820E632A296090D00057B4D0 /* Frameworks */ = {
			isa = PBXFrameworksBuildPhase;
			buildActionMask = 2147483647;
			files = (
			);
			runOnlyForDeploymentPostprocessing = 0;
		};
		820E6340296090D20057B4D0 /* Frameworks */ = {
			isa = PBXFrameworksBuildPhase;
			buildActionMask = 2147483647;
			files = (
			);
			runOnlyForDeploymentPostprocessing = 0;
		};
		820E634A296090D20057B4D0 /* Frameworks */ = {
			isa = PBXFrameworksBuildPhase;
			buildActionMask = 2147483647;
			files = (
			);
			runOnlyForDeploymentPostprocessing = 0;
		};
/* End PBXFrameworksBuildPhase section */

/* Begin PBXGroup section */
		820E6324296090D00057B4D0 = {
			isa = PBXGroup;
			children = (
				820E632F296090D00057B4D0 /* SampleApp */,
				820E6346296090D20057B4D0 /* SampleAppTests */,
				820E6350296090D20057B4D0 /* SampleAppUITests */,
				820E632E296090D00057B4D0 /* Products */,
			);
			sourceTree = "<group>";
		};
		820E632E296090D00057B4D0 /* Products */ = {
			isa = PBXGroup;
			children = (
				820E632D296090D00057B4D0 /* SampleApp.app */,
				820E6343296090D20057B4D0 /* SampleAppTests.xctest */,
				820E634D296090D20057B4D0 /* SampleAppUITests.xctest */,
			);
			name = Products;
			sourceTree = "<group>";
		};
		820E632F296090D00057B4D0 /* SampleApp */ = {
			isa = PBXGroup;
			children = (
				820E636729609E220057B4D0 /* UITableView+Extensions */,
				820E6360296095210057B4D0 /* TableViewCells */,
				820E6330296090D00057B4D0 /* AppDelegate.swift */,
				820E6332296090D00057B4D0 /* SceneDelegate.swift */,
				820E6334296090D00057B4D0 /* ViewController.swift */,
				820E6336296090D00057B4D0 /* Main.storyboard */,
				820E6339296090D20057B4D0 /* Assets.xcassets */,
				820E633B296090D20057B4D0 /* LaunchScreen.storyboard */,
				820E633E296090D20057B4D0 /* Info.plist */,
			);
			path = SampleApp;
			sourceTree = "<group>";
		};
		820E6346296090D20057B4D0 /* SampleAppTests */ = {
			isa = PBXGroup;
			children = (
				820E6347296090D20057B4D0 /* SampleAppTests.swift */,
			);
			path = SampleAppTests;
			sourceTree = "<group>";
		};
		820E6350296090D20057B4D0 /* SampleAppUITests */ = {
			isa = PBXGroup;
			children = (
				820E6351296090D20057B4D0 /* SampleAppUITests.swift */,
				820E6353296090D20057B4D0 /* SampleAppUITestsLaunchTests.swift */,
			);
			path = SampleAppUITests;
			sourceTree = "<group>";
		};
		820E6360296095210057B4D0 /* TableViewCells */ = {
			isa = PBXGroup;
			children = (
				820E63612960956E0057B4D0 /* RedTableViewCell.swift */,
				820E6363296095780057B4D0 /* GreenTableViewCell.swift */,
				820E6365296095810057B4D0 /* BlueTableViewCell.swift */,
			);
			path = TableViewCells;
			sourceTree = "<group>";
		};
		820E636729609E220057B4D0 /* UITableView+Extensions */ = {
			isa = PBXGroup;
			children = (
				820E636829609E3C0057B4D0 /* UITableView+Extensions.swift */,
			);
			path = "UITableView+Extensions";
			sourceTree = "<group>";
		};
/* End PBXGroup section */

/* Begin PBXNativeTarget section */
		820E632C296090D00057B4D0 /* SampleApp */ = {
			isa = PBXNativeTarget;
			buildConfigurationList = 820E6357296090D20057B4D0 /* Build configuration list for PBXNativeTarget "SampleApp" */;
			buildPhases = (
				820E6329296090D00057B4D0 /* Sources */,
				820E632A296090D00057B4D0 /* Frameworks */,
				820E632B296090D00057B4D0 /* Resources */,
			);
			buildRules = (
			);
			dependencies = (
			);
			name = SampleApp;
			productName = SampleApp;
			productReference = 820E632D296090D00057B4D0 /* SampleApp.app */;
			productType = "com.apple.product-type.application";
		};
		820E6342296090D20057B4D0 /* SampleAppTests */ = {
			isa = PBXNativeTarget;
			buildConfigurationList = 820E635A296090D20057B4D0 /* Build configuration list for PBXNativeTarget "SampleAppTests" */;
			buildPhases = (
				820E633F296090D20057B4D0 /* Sources */,
				820E6340296090D20057B4D0 /* Frameworks */,
				820E6341296090D20057B4D0 /* Resources */,
			);
			buildRules = (
			);
			dependencies = (
				820E6345296090D20057B4D0 /* PBXTargetDependency */,
			);
			name = SampleAppTests;
			productName = SampleAppTests;
			productReference = 820E6343296090D20057B4D0 /* SampleAppTests.xctest */;
			productType = "com.apple.product-type.bundle.unit-test";
		};
		820E634C296090D20057B4D0 /* SampleAppUITests */ = {
			isa = PBXNativeTarget;
			buildConfigurationList = 820E635D296090D20057B4D0 /* Build configuration list for PBXNativeTarget "SampleAppUITests" */;
			buildPhases = (
				820E6349296090D20057B4D0 /* Sources */,
				820E634A296090D20057B4D0 /* Frameworks */,
				820E634B296090D20057B4D0 /* Resources */,
			);
			buildRules = (
			);
			dependencies = (
				820E634F296090D20057B4D0 /* PBXTargetDependency */,
			);
			name = SampleAppUITests;
			productName = SampleAppUITests;
			productReference = 820E634D296090D20057B4D0 /* SampleAppUITests.xctest */;
			productType = "com.apple.product-type.bundle.ui-testing";
		};
/* End PBXNativeTarget section */

/* Begin PBXProject section */
		820E6325296090D00057B4D0 /* Project object */ = {
			isa = PBXProject;
			attributes = {
				BuildIndependentTargetsInParallel = 1;
				LastSwiftUpdateCheck = 1410;
				LastUpgradeCheck = 1410;
				TargetAttributes = {
					820E632C296090D00057B4D0 = {
						CreatedOnToolsVersion = 14.1;
					};
					820E6342296090D20057B4D0 = {
						CreatedOnToolsVersion = 14.1;
						TestTargetID = 820E632C296090D00057B4D0;
					};
					820E634C296090D20057B4D0 = {
						CreatedOnToolsVersion = 14.1;
						TestTargetID = 820E632C296090D00057B4D0;
					};
				};
			};
			buildConfigurationList = 820E6328296090D00057B4D0 /* Build configuration list for PBXProject "SampleApp" */;
			compatibilityVersion = "Xcode 14.0";
			developmentRegion = en;
			hasScannedForEncodings = 0;
			knownRegions = (
				en,
				Base,
			);
			mainGroup = 820E6324296090D00057B4D0;
			productRefGroup = 820E632E296090D00057B4D0 /* Products */;
			projectDirPath = "";
			projectRoot = "";
			targets = (
				820E632C296090D00057B4D0 /* SampleApp */,
				820E6342296090D20057B4D0 /* SampleAppTests */,
				820E634C296090D20057B4D0 /* SampleAppUITests */,
			);
		};
/* End PBXProject section */

/* Begin PBXResourcesBuildPhase section */
		820E632B296090D00057B4D0 /* Resources */ = {
			isa = PBXResourcesBuildPhase;
			buildActionMask = 2147483647;
			files = (
				820E633D296090D20057B4D0 /* LaunchScreen.storyboard in Resources */,
				820E633A296090D20057B4D0 /* Assets.xcassets in Resources */,
				820E6338296090D00057B4D0 /* Main.storyboard in Resources */,
			);
			runOnlyForDeploymentPostprocessing = 0;
		};
		820E6341296090D20057B4D0 /* Resources */ = {
			isa = PBXResourcesBuildPhase;
			buildActionMask = 2147483647;
			files = (
			);
			runOnlyForDeploymentPostprocessing = 0;
		};
		820E634B296090D20057B4D0 /* Resources */ = {
			isa = PBXResourcesBuildPhase;
			buildActionMask = 2147483647;
			files = (
			);
			runOnlyForDeploymentPostprocessing = 0;
		};
/* End PBXResourcesBuildPhase section */

/* Begin PBXSourcesBuildPhase section */
		820E6329296090D00057B4D0 /* Sources */ = {
			isa = PBXSourcesBuildPhase;
			buildActionMask = 2147483647;
			files = (
				820E6335296090D00057B4D0 /* ViewController.swift in Sources */,
				820E636929609E3C0057B4D0 /* UITableView+Extensions.swift in Sources */,
				820E6366296095810057B4D0 /* BlueTableViewCell.swift in Sources */,
				820E6331296090D00057B4D0 /* AppDelegate.swift in Sources */,
				820E6333296090D00057B4D0 /* SceneDelegate.swift in Sources */,
				820E6364296095780057B4D0 /* GreenTableViewCell.swift in Sources */,
				820E63622960956E0057B4D0 /* RedTableViewCell.swift in Sources */,
			);
			runOnlyForDeploymentPostprocessing = 0;
		};
		820E633F296090D20057B4D0 /* Sources */ = {
			isa = PBXSourcesBuildPhase;
			buildActionMask = 2147483647;
			files = (
				820E6348296090D20057B4D0 /* SampleAppTests.swift in Sources */,
			);
			runOnlyForDeploymentPostprocessing = 0;
		};
		820E6349296090D20057B4D0 /* Sources */ = {
			isa = PBXSourcesBuildPhase;
			buildActionMask = 2147483647;
			files = (
				820E6354296090D20057B4D0 /* SampleAppUITestsLaunchTests.swift in Sources */,
				820E6352296090D20057B4D0 /* SampleAppUITests.swift in Sources */,
			);
			runOnlyForDeploymentPostprocessing = 0;
		};
/* End PBXSourcesBuildPhase section */

/* Begin PBXTargetDependency section */
		820E6345296090D20057B4D0 /* PBXTargetDependency */ = {
			isa = PBXTargetDependency;
			target = 820E632C296090D00057B4D0 /* SampleApp */;
			targetProxy = 820E6344296090D20057B4D0 /* PBXContainerItemProxy */;
		};
		820E634F296090D20057B4D0 /* PBXTargetDependency */ = {
			isa = PBXTargetDependency;
			target = 820E632C296090D00057B4D0 /* SampleApp */;
			targetProxy = 820E634E296090D20057B4D0 /* PBXContainerItemProxy */;
		};
/* End PBXTargetDependency section */

/* Begin PBXVariantGroup section */
		820E6336296090D00057B4D0 /* Main.storyboard */ = {
			isa = PBXVariantGroup;
			children = (
				820E6337296090D00057B4D0 /* Base */,
			);
			name = Main.storyboard;
			sourceTree = "<group>";
		};
		820E633B296090D20057B4D0 /* LaunchScreen.storyboard */ = {
			isa = PBXVariantGroup;
			children = (
				820E633C296090D20057B4D0 /* Base */,
			);
			name = LaunchScreen.storyboard;
			sourceTree = "<group>";
		};
/* End PBXVariantGroup section */

/* Begin XCBuildConfiguration section */
		820E6355296090D20057B4D0 /* Debug */ = {
			isa = XCBuildConfiguration;
			buildSettings = {
				ALWAYS_SEARCH_USER_PATHS = NO;
				CLANG_ANALYZER_NONNULL = YES;
				CLANG_ANALYZER_NUMBER_OBJECT_CONVERSION = YES_AGGRESSIVE;
				CLANG_CXX_LANGUAGE_STANDARD = "gnu++20";
				CLANG_ENABLE_MODULES = YES;
				CLANG_ENABLE_OBJC_ARC = YES;
				CLANG_ENABLE_OBJC_WEAK = YES;
				CLANG_WARN_BLOCK_CAPTURE_AUTORELEASING = YES;
				CLANG_WARN_BOOL_CONVERSION = YES;
				CLANG_WARN_COMMA = YES;
				CLANG_WARN_CONSTANT_CONVERSION = YES;
				CLANG_WARN_DEPRECATED_OBJC_IMPLEMENTATIONS = YES;
				CLANG_WARN_DIRECT_OBJC_ISA_USAGE = YES_ERROR;
				CLANG_WARN_DOCUMENTATION_COMMENTS = YES;
				CLANG_WARN_EMPTY_BODY = YES;
				CLANG_WARN_ENUM_CONVERSION = YES;
				CLANG_WARN_INFINITE_RECURSION = YES;
				CLANG_WARN_INT_CONVERSION = YES;
				CLANG_WARN_NON_LITERAL_NULL_CONVERSION = YES;
				CLANG_WARN_OBJC_IMPLICIT_RETAIN_SELF = YES;
				CLANG_WARN_OBJC_LITERAL_CONVERSION = YES;
				CLANG_WARN_OBJC_ROOT_CLASS = YES_ERROR;
				CLANG_WARN_QUOTED_INCLUDE_IN_FRAMEWORK_HEADER = YES;
				CLANG_WARN_RANGE_LOOP_ANALYSIS = YES;
				CLANG_WARN_STRICT_PROTOTYPES = YES;
				CLANG_WARN_SUSPICIOUS_MOVE = YES;
				CLANG_WARN_UNGUARDED_AVAILABILITY = YES_AGGRESSIVE;
				CLANG_WARN_UNREACHABLE_CODE = YES;
				CLANG_WARN__DUPLICATE_METHOD_MATCH = YES;
				COPY_PHASE_STRIP = NO;
				DEBUG_INFORMATION_FORMAT = dwarf;
				ENABLE_STRICT_OBJC_MSGSEND = YES;
				ENABLE_TESTABILITY = YES;
				GCC_C_LANGUAGE_STANDARD = gnu11;
				GCC_DYNAMIC_NO_PIC = NO;
				GCC_NO_COMMON_BLOCKS = YES;
				GCC_OPTIMIZATION_LEVEL = 0;
				GCC_PREPROCESSOR_DEFINITIONS = (
					"DEBUG=1",
					"$(inherited)",
				);
				GCC_WARN_64_TO_32_BIT_CONVERSION = YES;
				GCC_WARN_ABOUT_RETURN_TYPE = YES_ERROR;
				GCC_WARN_UNDECLARED_SELECTOR = YES;
				GCC_WARN_UNINITIALIZED_AUTOS = YES_AGGRESSIVE;
				GCC_WARN_UNUSED_FUNCTION = YES;
				GCC_WARN_UNUSED_VARIABLE = YES;
				IPHONEOS_DEPLOYMENT_TARGET = 16.1;
				MTL_ENABLE_DEBUG_INFO = INCLUDE_SOURCE;
				MTL_FAST_MATH = YES;
				ONLY_ACTIVE_ARCH = YES;
				SDKROOT = iphoneos;
				SWIFT_ACTIVE_COMPILATION_CONDITIONS = DEBUG;
				SWIFT_OPTIMIZATION_LEVEL = "-Onone";
			};
			name = Debug;
		};
		820E6356296090D20057B4D0 /* Release */ = {
			isa = XCBuildConfiguration;
			buildSettings = {
				ALWAYS_SEARCH_USER_PATHS = NO;
				CLANG_ANALYZER_NONNULL = YES;
				CLANG_ANALYZER_NUMBER_OBJECT_CONVERSION = YES_AGGRESSIVE;
				CLANG_CXX_LANGUAGE_STANDARD = "gnu++20";
				CLANG_ENABLE_MODULES = YES;
				CLANG_ENABLE_OBJC_ARC = YES;
				CLANG_ENABLE_OBJC_WEAK = YES;
				CLANG_WARN_BLOCK_CAPTURE_AUTORELEASING = YES;
				CLANG_WARN_BOOL_CONVERSION = YES;
				CLANG_WARN_COMMA = YES;
				CLANG_WARN_CONSTANT_CONVERSION = YES;
				CLANG_WARN_DEPRECATED_OBJC_IMPLEMENTATIONS = YES;
				CLANG_WARN_DIRECT_OBJC_ISA_USAGE = YES_ERROR;
				CLANG_WARN_DOCUMENTATION_COMMENTS = YES;
				CLANG_WARN_EMPTY_BODY = YES;
				CLANG_WARN_ENUM_CONVERSION = YES;
				CLANG_WARN_INFINITE_RECURSION = YES;
				CLANG_WARN_INT_CONVERSION = YES;
				CLANG_WARN_NON_LITERAL_NULL_CONVERSION = YES;
				CLANG_WARN_OBJC_IMPLICIT_RETAIN_SELF = YES;
				CLANG_WARN_OBJC_LITERAL_CONVERSION = YES;
				CLANG_WARN_OBJC_ROOT_CLASS = YES_ERROR;
				CLANG_WARN_QUOTED_INCLUDE_IN_FRAMEWORK_HEADER = YES;
				CLANG_WARN_RANGE_LOOP_ANALYSIS = YES;
				CLANG_WARN_STRICT_PROTOTYPES = YES;
				CLANG_WARN_SUSPICIOUS_MOVE = YES;
				CLANG_WARN_UNGUARDED_AVAILABILITY = YES_AGGRESSIVE;
				CLANG_WARN_UNREACHABLE_CODE = YES;
				CLANG_WARN__DUPLICATE_METHOD_MATCH = YES;
				COPY_PHASE_STRIP = NO;
				DEBUG_INFORMATION_FORMAT = "dwarf-with-dsym";
				ENABLE_NS_ASSERTIONS = NO;
				ENABLE_STRICT_OBJC_MSGSEND = YES;
				GCC_C_LANGUAGE_STANDARD = gnu11;
				GCC_NO_COMMON_BLOCKS = YES;
				GCC_WARN_64_TO_32_BIT_CONVERSION = YES;
				GCC_WARN_ABOUT_RETURN_TYPE = YES_ERROR;
				GCC_WARN_UNDECLARED_SELECTOR = YES;
				GCC_WARN_UNINITIALIZED_AUTOS = YES_AGGRESSIVE;
				GCC_WARN_UNUSED_FUNCTION = YES;
				GCC_WARN_UNUSED_VARIABLE = YES;
				IPHONEOS_DEPLOYMENT_TARGET = 16.1;
				MTL_ENABLE_DEBUG_INFO = NO;
				MTL_FAST_MATH = YES;
				SDKROOT = iphoneos;
				SWIFT_COMPILATION_MODE = wholemodule;
				SWIFT_OPTIMIZATION_LEVEL = "-O";
				VALIDATE_PRODUCT = YES;
			};
			name = Release;
		};
		820E6358296090D20057B4D0 /* Debug */ = {
			isa = XCBuildConfiguration;
			buildSettings = {
				ASSETCATALOG_COMPILER_APPICON_NAME = AppIcon;
				ASSETCATALOG_COMPILER_GLOBAL_ACCENT_COLOR_NAME = AccentColor;
				CODE_SIGN_STYLE = Automatic;
				CURRENT_PROJECT_VERSION = 1;
				DEVELOPMENT_TEAM = DT5G7UBKH4;
				GENERATE_INFOPLIST_FILE = YES;
				INFOPLIST_FILE = SampleApp/Info.plist;
				INFOPLIST_KEY_UIApplicationSupportsIndirectInputEvents = YES;
				INFOPLIST_KEY_UILaunchStoryboardName = LaunchScreen;
				INFOPLIST_KEY_UIMainStoryboardFile = Main;
				INFOPLIST_KEY_UISupportedInterfaceOrientations_iPad = "UIInterfaceOrientationPortrait UIInterfaceOrientationPortraitUpsideDown UIInterfaceOrientationLandscapeLeft UIInterfaceOrientationLandscapeRight";
				INFOPLIST_KEY_UISupportedInterfaceOrientations_iPhone = "UIInterfaceOrientationPortrait UIInterfaceOrientationLandscapeLeft UIInterfaceOrientationLandscapeRight";
				LD_RUNPATH_SEARCH_PATHS = (
					"$(inherited)",
					"@executable_path/Frameworks",
				);
				MARKETING_VERSION = 1.0;
				PRODUCT_BUNDLE_IDENTIFIER = com.sweettutos.SampleApp;
				PRODUCT_NAME = "$(TARGET_NAME)";
				SWIFT_EMIT_LOC_STRINGS = YES;
				SWIFT_VERSION = 5.0;
				TARGETED_DEVICE_FAMILY = "1,2";
			};
			name = Debug;
		};
		820E6359296090D20057B4D0 /* Release */ = {
			isa = XCBuildConfiguration;
			buildSettings = {
				ASSETCATALOG_COMPILER_APPICON_NAME = AppIcon;
				ASSETCATALOG_COMPILER_GLOBAL_ACCENT_COLOR_NAME = AccentColor;
				CODE_SIGN_STYLE = Automatic;
				CURRENT_PROJECT_VERSION = 1;
				DEVELOPMENT_TEAM = DT5G7UBKH4;
				GENERATE_INFOPLIST_FILE = YES;
				INFOPLIST_FILE = SampleApp/Info.plist;
				INFOPLIST_KEY_UIApplicationSupportsIndirectInputEvents = YES;
				INFOPLIST_KEY_UILaunchStoryboardName = LaunchScreen;
				INFOPLIST_KEY_UIMainStoryboardFile = Main;
				INFOPLIST_KEY_UISupportedInterfaceOrientations_iPad = "UIInterfaceOrientationPortrait UIInterfaceOrientationPortraitUpsideDown UIInterfaceOrientationLandscapeLeft UIInterfaceOrientationLandscapeRight";
				INFOPLIST_KEY_UISupportedInterfaceOrientations_iPhone = "UIInterfaceOrientationPortrait UIInterfaceOrientationLandscapeLeft UIInterfaceOrientationLandscapeRight";
				LD_RUNPATH_SEARCH_PATHS = (
					"$(inherited)",
					"@executable_path/Frameworks",
				);
				MARKETING_VERSION = 1.0;
				PRODUCT_BUNDLE_IDENTIFIER = com.sweettutos.SampleApp;
				PRODUCT_NAME = "$(TARGET_NAME)";
				SWIFT_EMIT_LOC_STRINGS = YES;
				SWIFT_VERSION = 5.0;
				TARGETED_DEVICE_FAMILY = "1,2";
			};
			name = Release;
		};
		820E635B296090D20057B4D0 /* Debug */ = {
			isa = XCBuildConfiguration;
			buildSettings = {
				ALWAYS_EMBED_SWIFT_STANDARD_LIBRARIES = YES;
				BUNDLE_LOADER = "$(TEST_HOST)";
				CODE_SIGN_STYLE = Automatic;
				CURRENT_PROJECT_VERSION = 1;
				DEVELOPMENT_TEAM = DT5G7UBKH4;
				GENERATE_INFOPLIST_FILE = YES;
				IPHONEOS_DEPLOYMENT_TARGET = 16.1;
				MARKETING_VERSION = 1.0;
				PRODUCT_BUNDLE_IDENTIFIER = com.sweettutos.SampleAppTests;
				PRODUCT_NAME = "$(TARGET_NAME)";
				SWIFT_EMIT_LOC_STRINGS = NO;
				SWIFT_VERSION = 5.0;
				TARGETED_DEVICE_FAMILY = "1,2";
				TEST_HOST = "$(BUILT_PRODUCTS_DIR)/SampleApp.app/$(BUNDLE_EXECUTABLE_FOLDER_PATH)/SampleApp";
			};
			name = Debug;
		};
		820E635C296090D20057B4D0 /* Release */ = {
			isa = XCBuildConfiguration;
			buildSettings = {
				ALWAYS_EMBED_SWIFT_STANDARD_LIBRARIES = YES;
				BUNDLE_LOADER = "$(TEST_HOST)";
				CODE_SIGN_STYLE = Automatic;
				CURRENT_PROJECT_VERSION = 1;
				DEVELOPMENT_TEAM = DT5G7UBKH4;
				GENERATE_INFOPLIST_FILE = YES;
				IPHONEOS_DEPLOYMENT_TARGET = 16.1;
				MARKETING_VERSION = 1.0;
				PRODUCT_BUNDLE_IDENTIFIER = com.sweettutos.SampleAppTests;
				PRODUCT_NAME = "$(TARGET_NAME)";
				SWIFT_EMIT_LOC_STRINGS = NO;
				SWIFT_VERSION = 5.0;
				TARGETED_DEVICE_FAMILY = "1,2";
				TEST_HOST = "$(BUILT_PRODUCTS_DIR)/SampleApp.app/$(BUNDLE_EXECUTABLE_FOLDER_PATH)/SampleApp";
			};
			name = Release;
		};
		820E635E296090D20057B4D0 /* Debug */ = {
			isa = XCBuildConfiguration;
			buildSettings = {
				ALWAYS_EMBED_SWIFT_STANDARD_LIBRARIES = YES;
				CODE_SIGN_STYLE = Automatic;
				CURRENT_PROJECT_VERSION = 1;
				DEVELOPMENT_TEAM = DT5G7UBKH4;
				GENERATE_INFOPLIST_FILE = YES;
				MARKETING_VERSION = 1.0;
				PRODUCT_BUNDLE_IDENTIFIER = com.sweettutos.SampleAppUITests;
				PRODUCT_NAME = "$(TARGET_NAME)";
				SWIFT_EMIT_LOC_STRINGS = NO;
				SWIFT_VERSION = 5.0;
				TARGETED_DEVICE_FAMILY = "1,2";
				TEST_TARGET_NAME = SampleApp;
			};
			name = Debug;
		};
		820E635F296090D20057B4D0 /* Release */ = {
			isa = XCBuildConfiguration;
			buildSettings = {
				ALWAYS_EMBED_SWIFT_STANDARD_LIBRARIES = YES;
				CODE_SIGN_STYLE = Automatic;
				CURRENT_PROJECT_VERSION = 1;
				DEVELOPMENT_TEAM = DT5G7UBKH4;
				GENERATE_INFOPLIST_FILE = YES;
				MARKETING_VERSION = 1.0;
				PRODUCT_BUNDLE_IDENTIFIER = com.sweettutos.SampleAppUITests;
				PRODUCT_NAME = "$(TARGET_NAME)";
				SWIFT_EMIT_LOC_STRINGS = NO;
				SWIFT_VERSION = 5.0;
				TARGETED_DEVICE_FAMILY = "1,2";
				TEST_TARGET_NAME = SampleApp;
			};
			name = Release;
		};
/* End XCBuildConfiguration section */

/* Begin XCConfigurationList section */
		820E6328296090D00057B4D0 /* Build configuration list for PBXProject "SampleApp" */ = {
			isa = XCConfigurationList;
			buildConfigurations = (
				820E6355296090D20057B4D0 /* Debug */,
				820E6356296090D20057B4D0 /* Release */,
			);
			defaultConfigurationIsVisible = 0;
			defaultConfigurationName = Release;
		};
		820E6357296090D20057B4D0 /* Build configuration list for PBXNativeTarget "SampleApp" */ = {
			isa = XCConfigurationList;
			buildConfigurations = (
				820E6358296090D20057B4D0 /* Debug */,
				820E6359296090D20057B4D0 /* Release */,
			);
			defaultConfigurationIsVisible = 0;
			defaultConfigurationName = Release;
		};
		820E635A296090D20057B4D0 /* Build configuration list for PBXNativeTarget "SampleAppTests" */ = {
			isa = XCConfigurationList;
			buildConfigurations = (
				820E635B296090D20057B4D0 /* Debug */,
				820E635C296090D20057B4D0 /* Release */,
			);
			defaultConfigurationIsVisible = 0;
			defaultConfigurationName = Release;
		};
		820E635D296090D20057B4D0 /* Build configuration list for PBXNativeTarget "SampleAppUITests" */ = {
			isa = XCConfigurationList;
			buildConfigurations = (
				820E635E296090D20057B4D0 /* Debug */,
				820E635F296090D20057B4D0 /* Release */,
			);
			defaultConfigurationIsVisible = 0;
			defaultConfigurationName = Release;
		};
/* End XCConfigurationList section */
	};
	rootObject = 820E6325296090D00057B4D0 /* Project object */;
}
